
Microsoft Visual Studio Solution File, Format Version 12.00
# Visual Studio Version 17
VisualStudioVersion = 17.5.33424.131
MinimumVisualStudioVersion = 10.0.40219.1
Project("{F184B08F-C81C-45F6-A57F-5ABD9991F28F}") = "SIParkir", "SIParkir.vbproj", "{2A127387-00DC-4A96-B603-B2477058B859}"
EndProject
Global
	GlobalSection(SolutionConfigurationPlatforms) = preSolution
		Debug|Any CPU = Debug|Any CPU
		Release|Any CPU = Release|Any CPU
	EndGlobalSection
	GlobalSection(ProjectConfigurationPlatforms) = postSolution
		{2A127387-00DC-4A96-B603-B2477058B859}.Debug|Any CPU.ActiveCfg = Debug|Any CPU
		{2A127387-00DC-4A96-B603-B2477058B859}.Debug|Any CPU.Build.0 = Debug|Any CPU
		{2A127387-00DC-4A96-B603-B2477058B859}.Release|Any CPU.ActiveCfg = Release|Any CPU
		{2A127387-00DC-4A96-B603-B2477058B859}.Release|Any CPU.Build.0 = Release|Any CPU
	EndGlobalSection
	GlobalSection(SolutionProperties) = preSolution
		HideSolutionNode = FALSE
	EndGlobalSection
	GlobalSection(ExtensibilityGlobals) = postSolution
		SolutionGuid = {7340179D-0CD1-42EB-AC97-A749FC0D2668}
	EndGlobalSection
EndGlobal
